// !$*UTF8*$!
{
	archiveVersion = 1;
	classes = {
	};
	objectVersion = 56;
	objects = {

/* Begin PBXBuildFile section */
		433B60DF2AC4940300EA8098 /* ghostBoardApp.swift in Sources */ = {isa = PBXBuildFile; fileRef = 433B60DE2AC4940300EA8098 /* ghostBoardApp.swift */; };
		433B60E12AC4940300EA8098 /* MainView.swift in Sources */ = {isa = PBXBuildFile; fileRef = 433B60E02AC4940300EA8098 /* MainView.swift */; };
		433B60E32AC4940400EA8098 /* Assets.xcassets in Resources */ = {isa = PBXBuildFile; fileRef = 433B60E22AC4940400EA8098 /* Assets.xcassets */; };
		433B60E62AC4940400EA8098 /* Preview Assets.xcassets in Resources */ = {isa = PBXBuildFile; fileRef = 433B60E52AC4940400EA8098 /* Preview Assets.xcassets */; };
		433B60F02AC4940500EA8098 /* ghostBoardTests.swift in Sources */ = {isa = PBXBuildFile; fileRef = 433B60EF2AC4940500EA8098 /* ghostBoardTests.swift */; };
		433B610B2AC49E7D00EA8098 /* Line.swift in Sources */ = {isa = PBXBuildFile; fileRef = 433B610A2AC49E7D00EA8098 /* Line.swift */; };
		433B61102AC49FCC00EA8098 /* PaintViewModel.swift in Sources */ = {isa = PBXBuildFile; fileRef = 433B610F2AC49FCC00EA8098 /* PaintViewModel.swift */; };
		433B61122AC4AE2400EA8098 /* CircleButton.swift in Sources */ = {isa = PBXBuildFile; fileRef = 433B61112AC4AE2400EA8098 /* CircleButton.swift */; };
		43CCD8832ACA2C4A00D620B6 /* ghostBoardUITests.swift in Sources */ = {isa = PBXBuildFile; fileRef = 43CCD8822ACA2C4A00D620B6 /* ghostBoardUITests.swift */; };
		43CCD8852ACA2C4A00D620B6 /* ghostBoardUITestsLaunchTests.swift in Sources */ = {isa = PBXBuildFile; fileRef = 43CCD8842ACA2C4A00D620B6 /* ghostBoardUITestsLaunchTests.swift */; };
/* End PBXBuildFile section */

/* Begin PBXContainerItemProxy section */
		433B60EC2AC4940500EA8098 /* PBXContainerItemProxy */ = {
			isa = PBXContainerItemProxy;
			containerPortal = 433B60D32AC4940300EA8098 /* Project object */;
			proxyType = 1;
			remoteGlobalIDString = 433B60DA2AC4940300EA8098;
			remoteInfo = ghostBoard;
		};
		43CCD8862ACA2C4A00D620B6 /* PBXContainerItemProxy */ = {
			isa = PBXContainerItemProxy;
			containerPortal = 433B60D32AC4940300EA8098 /* Project object */;
			proxyType = 1;
			remoteGlobalIDString = 433B60DA2AC4940300EA8098;
			remoteInfo = ghostBoard;
		};
/* End PBXContainerItemProxy section */

/* Begin PBXFileReference section */
		433B60DB2AC4940300EA8098 /* ghostBoard.app */ = {isa = PBXFileReference; explicitFileType = wrapper.application; includeInIndex = 0; path = ghostBoard.app; sourceTree = BUILT_PRODUCTS_DIR; };
		433B60DE2AC4940300EA8098 /* ghostBoardApp.swift */ = {isa = PBXFileReference; lastKnownFileType = sourcecode.swift; path = ghostBoardApp.swift; sourceTree = "<group>"; };
		433B60E02AC4940300EA8098 /* MainView.swift */ = {isa = PBXFileReference; lastKnownFileType = sourcecode.swift; path = MainView.swift; sourceTree = "<group>"; };
		433B60E22AC4940400EA8098 /* Assets.xcassets */ = {isa = PBXFileReference; lastKnownFileType = folder.assetcatalog; path = Assets.xcassets; sourceTree = "<group>"; };
		433B60E52AC4940400EA8098 /* Preview Assets.xcassets */ = {isa = PBXFileReference; lastKnownFileType = folder.assetcatalog; path = "Preview Assets.xcassets"; sourceTree = "<group>"; };
		433B60EB2AC4940500EA8098 /* ghostBoardTests.xctest */ = {isa = PBXFileReference; explicitFileType = wrapper.cfbundle; includeInIndex = 0; path = ghostBoardTests.xctest; sourceTree = BUILT_PRODUCTS_DIR; };
		433B60EF2AC4940500EA8098 /* ghostBoardTests.swift */ = {isa = PBXFileReference; lastKnownFileType = sourcecode.swift; path = ghostBoardTests.swift; sourceTree = "<group>"; };
		433B610A2AC49E7D00EA8098 /* Line.swift */ = {isa = PBXFileReference; lastKnownFileType = sourcecode.swift; path = Line.swift; sourceTree = "<group>"; };
		433B610F2AC49FCC00EA8098 /* PaintViewModel.swift */ = {isa = PBXFileReference; lastKnownFileType = sourcecode.swift; path = PaintViewModel.swift; sourceTree = "<group>"; };
		433B61112AC4AE2400EA8098 /* CircleButton.swift */ = {isa = PBXFileReference; lastKnownFileType = sourcecode.swift; path = CircleButton.swift; sourceTree = "<group>"; };
		43CCD8802ACA2C4A00D620B6 /* ghostBoardUITests.xctest */ = {isa = PBXFileReference; explicitFileType = wrapper.cfbundle; includeInIndex = 0; path = ghostBoardUITests.xctest; sourceTree = BUILT_PRODUCTS_DIR; };
		43CCD8822ACA2C4A00D620B6 /* ghostBoardUITests.swift */ = {isa = PBXFileReference; lastKnownFileType = sourcecode.swift; path = ghostBoardUITests.swift; sourceTree = "<group>"; };
		43CCD8842ACA2C4A00D620B6 /* ghostBoardUITestsLaunchTests.swift */ = {isa = PBXFileReference; lastKnownFileType = sourcecode.swift; path = ghostBoardUITestsLaunchTests.swift; sourceTree = "<group>"; };
/* End PBXFileReference section */

/* Begin PBXFrameworksBuildPhase section */
		433B60D82AC4940300EA8098 /* Frameworks */ = {
			isa = PBXFrameworksBuildPhase;
			buildActionMask = 2147483647;
			files = (
			);
			runOnlyForDeploymentPostprocessing = 0;
		};
		433B60E82AC4940500EA8098 /* Frameworks */ = {
			isa = PBXFrameworksBuildPhase;
			buildActionMask = 2147483647;
			files = (
			);
			runOnlyForDeploymentPostprocessing = 0;
		};
		43CCD87D2ACA2C4A00D620B6 /* Frameworks */ = {
			isa = PBXFrameworksBuildPhase;
			buildActionMask = 2147483647;
			files = (
			);
			runOnlyForDeploymentPostprocessing = 0;
		};
/* End PBXFrameworksBuildPhase section */

/* Begin PBXGroup section */
		433B60D22AC4940300EA8098 = {
			isa = PBXGroup;
			children = (
				433B60DD2AC4940300EA8098 /* ghostBoard */,
				433B60EE2AC4940500EA8098 /* ghostBoardTests */,
				43CCD8812ACA2C4A00D620B6 /* ghostBoardUITests */,
				433B60DC2AC4940300EA8098 /* Products */,
			);
			sourceTree = "<group>";
		};
		433B60DC2AC4940300EA8098 /* Products */ = {
			isa = PBXGroup;
			children = (
				433B60DB2AC4940300EA8098 /* ghostBoard.app */,
				433B60EB2AC4940500EA8098 /* ghostBoardTests.xctest */,
				43CCD8802ACA2C4A00D620B6 /* ghostBoardUITests.xctest */,
			);
			name = Products;
			sourceTree = "<group>";
		};
		433B60DD2AC4940300EA8098 /* ghostBoard */ = {
			isa = PBXGroup;
			children = (
				433B610D2AC49F8F00EA8098 /* Model */,
				433B610E2AC49F9600EA8098 /* ViewModel */,
				433B610C2AC49F8700EA8098 /* View */,
				433B60E22AC4940400EA8098 /* Assets.xcassets */,
				433B60E42AC4940400EA8098 /* Preview Content */,
			);
			path = ghostBoard;
			sourceTree = "<group>";
		};
		433B60E42AC4940400EA8098 /* Preview Content */ = {
			isa = PBXGroup;
			children = (
				433B60E52AC4940400EA8098 /* Preview Assets.xcassets */,
			);
			path = "Preview Content";
			sourceTree = "<group>";
		};
		433B60EE2AC4940500EA8098 /* ghostBoardTests */ = {
			isa = PBXGroup;
			children = (
				433B60EF2AC4940500EA8098 /* ghostBoardTests.swift */,
			);
			path = ghostBoardTests;
			sourceTree = "<group>";
		};
		433B610C2AC49F8700EA8098 /* View */ = {
			isa = PBXGroup;
			children = (
				433B60DE2AC4940300EA8098 /* ghostBoardApp.swift */,
				433B60E02AC4940300EA8098 /* MainView.swift */,
				433B61112AC4AE2400EA8098 /* CircleButton.swift */,
			);
			path = View;
			sourceTree = "<group>";
		};
		433B610D2AC49F8F00EA8098 /* Model */ = {
			isa = PBXGroup;
			children = (
				433B610A2AC49E7D00EA8098 /* Line.swift */,
			);
			path = Model;
			sourceTree = "<group>";
		};
		433B610E2AC49F9600EA8098 /* ViewModel */ = {
			isa = PBXGroup;
			children = (
				433B610F2AC49FCC00EA8098 /* PaintViewModel.swift */,
			);
			path = ViewModel;
			sourceTree = "<group>";
		};
		43CCD8812ACA2C4A00D620B6 /* ghostBoardUITests */ = {
			isa = PBXGroup;
			children = (
				43CCD8822ACA2C4A00D620B6 /* ghostBoardUITests.swift */,
				43CCD8842ACA2C4A00D620B6 /* ghostBoardUITestsLaunchTests.swift */,
			);
			path = ghostBoardUITests;
			sourceTree = "<group>";
		};
/* End PBXGroup section */

/* Begin PBXNativeTarget section */
		433B60DA2AC4940300EA8098 /* ghostBoard */ = {
			isa = PBXNativeTarget;
			buildConfigurationList = 433B60FF2AC4940500EA8098 /* Build configuration list for PBXNativeTarget "ghostBoard" */;
			buildPhases = (
				433B60D72AC4940300EA8098 /* Sources */,
				433B60D82AC4940300EA8098 /* Frameworks */,
				433B60D92AC4940300EA8098 /* Resources */,
			);
			buildRules = (
			);
			dependencies = (
			);
			name = ghostBoard;
			productName = ghostBoard;
			productReference = 433B60DB2AC4940300EA8098 /* ghostBoard.app */;
			productType = "com.apple.product-type.application";
		};
		433B60EA2AC4940500EA8098 /* ghostBoardTests */ = {
			isa = PBXNativeTarget;
			buildConfigurationList = 433B61022AC4940500EA8098 /* Build configuration list for PBXNativeTarget "ghostBoardTests" */;
			buildPhases = (
				433B60E72AC4940500EA8098 /* Sources */,
				433B60E82AC4940500EA8098 /* Frameworks */,
				433B60E92AC4940500EA8098 /* Resources */,
			);
			buildRules = (
			);
			dependencies = (
				433B60ED2AC4940500EA8098 /* PBXTargetDependency */,
			);
			name = ghostBoardTests;
			productName = ghostBoardTests;
			productReference = 433B60EB2AC4940500EA8098 /* ghostBoardTests.xctest */;
			productType = "com.apple.product-type.bundle.unit-test";
		};
		43CCD87F2ACA2C4A00D620B6 /* ghostBoardUITests */ = {
			isa = PBXNativeTarget;
			buildConfigurationList = 43CCD8882ACA2C4A00D620B6 /* Build configuration list for PBXNativeTarget "ghostBoardUITests" */;
			buildPhases = (
				43CCD87C2ACA2C4A00D620B6 /* Sources */,
				43CCD87D2ACA2C4A00D620B6 /* Frameworks */,
				43CCD87E2ACA2C4A00D620B6 /* Resources */,
			);
			buildRules = (
			);
			dependencies = (
				43CCD8872ACA2C4A00D620B6 /* PBXTargetDependency */,
			);
			name = ghostBoardUITests;
			productName = ghostBoardUITests;
			productReference = 43CCD8802ACA2C4A00D620B6 /* ghostBoardUITests.xctest */;
			productType = "com.apple.product-type.bundle.ui-testing";
		};
/* End PBXNativeTarget section */

/* Begin PBXProject section */
		433B60D32AC4940300EA8098 /* Project object */ = {
			isa = PBXProject;
			attributes = {
				BuildIndependentTargetsInParallel = 1;
				LastSwiftUpdateCheck = 1420;
				LastUpgradeCheck = 1420;
				TargetAttributes = {
					433B60DA2AC4940300EA8098 = {
						CreatedOnToolsVersion = 14.2;
					};
					433B60EA2AC4940500EA8098 = {
						CreatedOnToolsVersion = 14.2;
						TestTargetID = 433B60DA2AC4940300EA8098;
					};
					43CCD87F2ACA2C4A00D620B6 = {
						CreatedOnToolsVersion = 14.2;
						TestTargetID = 433B60DA2AC4940300EA8098;
					};
				};
			};
			buildConfigurationList = 433B60D62AC4940300EA8098 /* Build configuration list for PBXProject "ghostBoard" */;
			compatibilityVersion = "Xcode 14.0";
			developmentRegion = en;
			hasScannedForEncodings = 0;
			knownRegions = (
				en,
				Base,
			);
			mainGroup = 433B60D22AC4940300EA8098;
			productRefGroup = 433B60DC2AC4940300EA8098 /* Products */;
			projectDirPath = "";
			projectRoot = "";
			targets = (
				433B60DA2AC4940300EA8098 /* ghostBoard */,
				433B60EA2AC4940500EA8098 /* ghostBoardTests */,
				43CCD87F2ACA2C4A00D620B6 /* ghostBoardUITests */,
			);
		};
/* End PBXProject section */

/* Begin PBXResourcesBuildPhase section */
		433B60D92AC4940300EA8098 /* Resources */ = {
			isa = PBXResourcesBuildPhase;
			buildActionMask = 2147483647;
			files = (
				433B60E62AC4940400EA8098 /* Preview Assets.xcassets in Resources */,
				433B60E32AC4940400EA8098 /* Assets.xcassets in Resources */,
			);
			runOnlyForDeploymentPostprocessing = 0;
		};
		433B60E92AC4940500EA8098 /* Resources */ = {
			isa = PBXResourcesBuildPhase;
			buildActionMask = 2147483647;
			files = (
			);
			runOnlyForDeploymentPostprocessing = 0;
		};
		43CCD87E2ACA2C4A00D620B6 /* Resources */ = {
			isa = PBXResourcesBuildPhase;
			buildActionMask = 2147483647;
			files = (
			);
			runOnlyForDeploymentPostprocessing = 0;
		};
/* End PBXResourcesBuildPhase section */

/* Begin PBXSourcesBuildPhase section */
		433B60D72AC4940300EA8098 /* Sources */ = {
			isa = PBXSourcesBuildPhase;
			buildActionMask = 2147483647;
			files = (
				433B61122AC4AE2400EA8098 /* CircleButton.swift in Sources */,
				433B60E12AC4940300EA8098 /* MainView.swift in Sources */,
				433B610B2AC49E7D00EA8098 /* Line.swift in Sources */,
				433B60DF2AC4940300EA8098 /* ghostBoardApp.swift in Sources */,
				433B61102AC49FCC00EA8098 /* PaintViewModel.swift in Sources */,
			);
			runOnlyForDeploymentPostprocessing = 0;
		};
		433B60E72AC4940500EA8098 /* Sources */ = {
			isa = PBXSourcesBuildPhase;
			buildActionMask = 2147483647;
			files = (
				433B60F02AC4940500EA8098 /* ghostBoardTests.swift in Sources */,
			);
			runOnlyForDeploymentPostprocessing = 0;
		};
		43CCD87C2ACA2C4A00D620B6 /* Sources */ = {
			isa = PBXSourcesBuildPhase;
			buildActionMask = 2147483647;
			files = (
				43CCD8832ACA2C4A00D620B6 /* ghostBoardUITests.swift in Sources */,
				43CCD8852ACA2C4A00D620B6 /* ghostBoardUITestsLaunchTests.swift in Sources */,
			);
			runOnlyForDeploymentPostprocessing = 0;
		};
/* End PBXSourcesBuildPhase section */

/* Begin PBXTargetDependency section */
		433B60ED2AC4940500EA8098 /* PBXTargetDependency */ = {
			isa = PBXTargetDependency;
			target = 433B60DA2AC4940300EA8098 /* ghostBoard */;
			targetProxy = 433B60EC2AC4940500EA8098 /* PBXContainerItemProxy */;
		};
		43CCD8872ACA2C4A00D620B6 /* PBXTargetDependency */ = {
			isa = PBXTargetDependency;
			target = 433B60DA2AC4940300EA8098 /* ghostBoard */;
			targetProxy = 43CCD8862ACA2C4A00D620B6 /* PBXContainerItemProxy */;
		};
/* End PBXTargetDependency section */

/* Begin XCBuildConfiguration section */
		433B60FD2AC4940500EA8098 /* Debug */ = {
			isa = XCBuildConfiguration;
			buildSettings = {
				ALWAYS_SEARCH_USER_PATHS = NO;
				CLANG_ANALYZER_NONNULL = YES;
				CLANG_ANALYZER_NUMBER_OBJECT_CONVERSION = YES_AGGRESSIVE;
				CLANG_CXX_LANGUAGE_STANDARD = "gnu++20";
				CLANG_ENABLE_MODULES = YES;
				CLANG_ENABLE_OBJC_ARC = YES;
				CLANG_ENABLE_OBJC_WEAK = YES;
				CLANG_WARN_BLOCK_CAPTURE_AUTORELEASING = YES;
				CLANG_WARN_BOOL_CONVERSION = YES;
				CLANG_WARN_COMMA = YES;
				CLANG_WARN_CONSTANT_CONVERSION = YES;
				CLANG_WARN_DEPRECATED_OBJC_IMPLEMENTATIONS = YES;
				CLANG_WARN_DIRECT_OBJC_ISA_USAGE = YES_ERROR;
				CLANG_WARN_DOCUMENTATION_COMMENTS = YES;
				CLANG_WARN_EMPTY_BODY = YES;
				CLANG_WARN_ENUM_CONVERSION = YES;
				CLANG_WARN_INFINITE_RECURSION = YES;
				CLANG_WARN_INT_CONVERSION = YES;
				CLANG_WARN_NON_LITERAL_NULL_CONVERSION = YES;
				CLANG_WARN_OBJC_IMPLICIT_RETAIN_SELF = YES;
				CLANG_WARN_OBJC_LITERAL_CONVERSION = YES;
				CLANG_WARN_OBJC_ROOT_CLASS = YES_ERROR;
				CLANG_WARN_QUOTED_INCLUDE_IN_FRAMEWORK_HEADER = YES;
				CLANG_WARN_RANGE_LOOP_ANALYSIS = YES;
				CLANG_WARN_STRICT_PROTOTYPES = YES;
				CLANG_WARN_SUSPICIOUS_MOVE = YES;
				CLANG_WARN_UNGUARDED_AVAILABILITY = YES_AGGRESSIVE;
				CLANG_WARN_UNREACHABLE_CODE = YES;
				CLANG_WARN__DUPLICATE_METHOD_MATCH = YES;
				COPY_PHASE_STRIP = NO;
				DEBUG_INFORMATION_FORMAT = dwarf;
				ENABLE_STRICT_OBJC_MSGSEND = YES;
				ENABLE_TESTABILITY = YES;
				GCC_C_LANGUAGE_STANDARD = gnu11;
				GCC_DYNAMIC_NO_PIC = NO;
				GCC_NO_COMMON_BLOCKS = YES;
				GCC_OPTIMIZATION_LEVEL = 0;
				GCC_PREPROCESSOR_DEFINITIONS = (
					"DEBUG=1",
					"$(inherited)",
				);
				GCC_WARN_64_TO_32_BIT_CONVERSION = YES;
				GCC_WARN_ABOUT_RETURN_TYPE = YES_ERROR;
				GCC_WARN_UNDECLARED_SELECTOR = YES;
				GCC_WARN_UNINITIALIZED_AUTOS = YES_AGGRESSIVE;
				GCC_WARN_UNUSED_FUNCTION = YES;
				GCC_WARN_UNUSED_VARIABLE = YES;
				IPHONEOS_DEPLOYMENT_TARGET = 16.2;
				MTL_ENABLE_DEBUG_INFO = INCLUDE_SOURCE;
				MTL_FAST_MATH = YES;
				ONLY_ACTIVE_ARCH = YES;
				SDKROOT = iphoneos;
				SWIFT_ACTIVE_COMPILATION_CONDITIONS = DEBUG;
				SWIFT_OPTIMIZATION_LEVEL = "-Onone";
			};
			name = Debug;
		};
		433B60FE2AC4940500EA8098 /* Release */ = {
			isa = XCBuildConfiguration;
			buildSettings = {
				ALWAYS_SEARCH_USER_PATHS = NO;
				CLANG_ANALYZER_NONNULL = YES;
				CLANG_ANALYZER_NUMBER_OBJECT_CONVERSION = YES_AGGRESSIVE;
				CLANG_CXX_LANGUAGE_STANDARD = "gnu++20";
				CLANG_ENABLE_MODULES = YES;
				CLANG_ENABLE_OBJC_ARC = YES;
				CLANG_ENABLE_OBJC_WEAK = YES;
				CLANG_WARN_BLOCK_CAPTURE_AUTORELEASING = YES;
				CLANG_WARN_BOOL_CONVERSION = YES;
				CLANG_WARN_COMMA = YES;
				CLANG_WARN_CONSTANT_CONVERSION = YES;
				CLANG_WARN_DEPRECATED_OBJC_IMPLEMENTATIONS = YES;
				CLANG_WARN_DIRECT_OBJC_ISA_USAGE = YES_ERROR;
				CLANG_WARN_DOCUMENTATION_COMMENTS = YES;
				CLANG_WARN_EMPTY_BODY = YES;
				CLANG_WARN_ENUM_CONVERSION = YES;
				CLANG_WARN_INFINITE_RECURSION = YES;
				CLANG_WARN_INT_CONVERSION = YES;
				CLANG_WARN_NON_LITERAL_NULL_CONVERSION = YES;
				CLANG_WARN_OBJC_IMPLICIT_RETAIN_SELF = YES;
				CLANG_WARN_OBJC_LITERAL_CONVERSION = YES;
				CLANG_WARN_OBJC_ROOT_CLASS = YES_ERROR;
				CLANG_WARN_QUOTED_INCLUDE_IN_FRAMEWORK_HEADER = YES;
				CLANG_WARN_RANGE_LOOP_ANALYSIS = YES;
				CLANG_WARN_STRICT_PROTOTYPES = YES;
				CLANG_WARN_SUSPICIOUS_MOVE = YES;
				CLANG_WARN_UNGUARDED_AVAILABILITY = YES_AGGRESSIVE;
				CLANG_WARN_UNREACHABLE_CODE = YES;
				CLANG_WARN__DUPLICATE_METHOD_MATCH = YES;
				COPY_PHASE_STRIP = NO;
				DEBUG_INFORMATION_FORMAT = "dwarf-with-dsym";
				ENABLE_NS_ASSERTIONS = NO;
				ENABLE_STRICT_OBJC_MSGSEND = YES;
				GCC_C_LANGUAGE_STANDARD = gnu11;
				GCC_NO_COMMON_BLOCKS = YES;
				GCC_WARN_64_TO_32_BIT_CONVERSION = YES;
				GCC_WARN_ABOUT_RETURN_TYPE = YES_ERROR;
				GCC_WARN_UNDECLARED_SELECTOR = YES;
				GCC_WARN_UNINITIALIZED_AUTOS = YES_AGGRESSIVE;
				GCC_WARN_UNUSED_FUNCTION = YES;
				GCC_WARN_UNUSED_VARIABLE = YES;
				IPHONEOS_DEPLOYMENT_TARGET = 16.2;
				MTL_ENABLE_DEBUG_INFO = NO;
				MTL_FAST_MATH = YES;
				SDKROOT = iphoneos;
				SWIFT_COMPILATION_MODE = wholemodule;
				SWIFT_OPTIMIZATION_LEVEL = "-O";
				VALIDATE_PRODUCT = YES;
			};
			name = Release;
		};
		433B61002AC4940500EA8098 /* Debug */ = {
			isa = XCBuildConfiguration;
			buildSettings = {
				ASSETCATALOG_COMPILER_APPICON_NAME = AppIcon;
				ASSETCATALOG_COMPILER_GLOBAL_ACCENT_COLOR_NAME = AccentColor;
				CODE_SIGN_STYLE = Automatic;
				CURRENT_PROJECT_VERSION = 1;
				DEVELOPMENT_ASSET_PATHS = "\"ghostBoard/Preview Content\"";
				DEVELOPMENT_TEAM = 8S62D745ZJ;
				ENABLE_PREVIEWS = YES;
				GENERATE_INFOPLIST_FILE = YES;
				INFOPLIST_KEY_UIApplicationSceneManifest_Generation = YES;
				INFOPLIST_KEY_UIApplicationSupportsIndirectInputEvents = YES;
				INFOPLIST_KEY_UILaunchScreen_Generation = YES;
				INFOPLIST_KEY_UISupportedInterfaceOrientations_iPad = "UIInterfaceOrientationPortrait UIInterfaceOrientationPortraitUpsideDown UIInterfaceOrientationLandscapeLeft UIInterfaceOrientationLandscapeRight";
				INFOPLIST_KEY_UISupportedInterfaceOrientations_iPhone = "UIInterfaceOrientationPortrait UIInterfaceOrientationLandscapeLeft UIInterfaceOrientationLandscapeRight";
				IPHONEOS_DEPLOYMENT_TARGET = 16.0;
				LD_RUNPATH_SEARCH_PATHS = (
					"$(inherited)",
					"@executable_path/Frameworks",
				);
				MARKETING_VERSION = 1.0;
				PRODUCT_BUNDLE_IDENTIFIER = Friendz.Social.Media.LTD.ghostBoard;
				PRODUCT_NAME = "$(TARGET_NAME)";
				SWIFT_EMIT_LOC_STRINGS = YES;
				SWIFT_VERSION = 5.0;
				TARGETED_DEVICE_FAMILY = "1,2";
			};
			name = Debug;
		};
		433B61012AC4940500EA8098 /* Release */ = {
			isa = XCBuildConfiguration;
			buildSettings = {
				ASSETCATALOG_COMPILER_APPICON_NAME = AppIcon;
				ASSETCATALOG_COMPILER_GLOBAL_ACCENT_COLOR_NAME = AccentColor;
				CODE_SIGN_STYLE = Automatic;
				CURRENT_PROJECT_VERSION = 1;
				DEVELOPMENT_ASSET_PATHS = "\"ghostBoard/Preview Content\"";
				DEVELOPMENT_TEAM = 8S62D745ZJ;
				ENABLE_PREVIEWS = YES;
				GENERATE_INFOPLIST_FILE = YES;
				INFOPLIST_KEY_UIApplicationSceneManifest_Generation = YES;
				INFOPLIST_KEY_UIApplicationSupportsIndirectInputEvents = YES;
				INFOPLIST_KEY_UILaunchScreen_Generation = YES;
				INFOPLIST_KEY_UISupportedInterfaceOrientations_iPad = "UIInterfaceOrientationPortrait UIInterfaceOrientationPortraitUpsideDown UIInterfaceOrientationLandscapeLeft UIInterfaceOrientationLandscapeRight";
				INFOPLIST_KEY_UISupportedInterfaceOrientations_iPhone = "UIInterfaceOrientationPortrait UIInterfaceOrientationLandscapeLeft UIInterfaceOrientationLandscapeRight";
				IPHONEOS_DEPLOYMENT_TARGET = 16.0;
				LD_RUNPATH_SEARCH_PATHS = (
					"$(inherited)",
					"@executable_path/Frameworks",
				);
				MARKETING_VERSION = 1.0;
				PRODUCT_BUNDLE_IDENTIFIER = Friendz.Social.Media.LTD.ghostBoard;
				PRODUCT_NAME = "$(TARGET_NAME)";
				SWIFT_EMIT_LOC_STRINGS = YES;
				SWIFT_VERSION = 5.0;
				TARGETED_DEVICE_FAMILY = "1,2";
			};
			name = Release;
		};
		433B61032AC4940500EA8098 /* Debug */ = {
			isa = XCBuildConfiguration;
			buildSettings = {
				ALWAYS_EMBED_SWIFT_STANDARD_LIBRARIES = YES;
				BUNDLE_LOADER = "$(TEST_HOST)";
				CODE_SIGN_STYLE = Automatic;
				CURRENT_PROJECT_VERSION = 1;
				DEVELOPMENT_TEAM = 8S62D745ZJ;
				GENERATE_INFOPLIST_FILE = YES;
				IPHONEOS_DEPLOYMENT_TARGET = 16.2;
				MARKETING_VERSION = 1.0;
				PRODUCT_BUNDLE_IDENTIFIER = Friendz.Social.Media.LTD.ghostBoardTests;
				PRODUCT_NAME = "$(TARGET_NAME)";
				SWIFT_EMIT_LOC_STRINGS = NO;
				SWIFT_VERSION = 5.0;
				TARGETED_DEVICE_FAMILY = "1,2";
				TEST_HOST = "$(BUILT_PRODUCTS_DIR)/ghostBoard.app/$(BUNDLE_EXECUTABLE_FOLDER_PATH)/ghostBoard";
			};
			name = Debug;
		};
		433B61042AC4940500EA8098 /* Release */ = {
			isa = XCBuildConfiguration;
			buildSettings = {
				ALWAYS_EMBED_SWIFT_STANDARD_LIBRARIES = YES;
				BUNDLE_LOADER = "$(TEST_HOST)";
				CODE_SIGN_STYLE = Automatic;
				CURRENT_PROJECT_VERSION = 1;
				DEVELOPMENT_TEAM = 8S62D745ZJ;
				GENERATE_INFOPLIST_FILE = YES;
				IPHONEOS_DEPLOYMENT_TARGET = 16.2;
				MARKETING_VERSION = 1.0;
				PRODUCT_BUNDLE_IDENTIFIER = Friendz.Social.Media.LTD.ghostBoardTests;
				PRODUCT_NAME = "$(TARGET_NAME)";
				SWIFT_EMIT_LOC_STRINGS = NO;
				SWIFT_VERSION = 5.0;
				TARGETED_DEVICE_FAMILY = "1,2";
				TEST_HOST = "$(BUILT_PRODUCTS_DIR)/ghostBoard.app/$(BUNDLE_EXECUTABLE_FOLDER_PATH)/ghostBoard";
			};
			name = Release;
		};
		43CCD8892ACA2C4A00D620B6 /* Debug */ = {
			isa = XCBuildConfiguration;
			buildSettings = {
				CODE_SIGN_STYLE = Automatic;
				CURRENT_PROJECT_VERSION = 1;
				DEVELOPMENT_TEAM = 8S62D745ZJ;
				GENERATE_INFOPLIST_FILE = YES;
				MARKETING_VERSION = 1.0;
				PRODUCT_BUNDLE_IDENTIFIER = Friendz.Social.Media.LTD.ghostBoardUITests;
				PRODUCT_NAME = "$(TARGET_NAME)";
				SWIFT_EMIT_LOC_STRINGS = NO;
				SWIFT_VERSION = 5.0;
				TARGETED_DEVICE_FAMILY = "1,2";
				TEST_TARGET_NAME = ghostBoard;
			};
			name = Debug;
		};
		43CCD88A2ACA2C4A00D620B6 /* Release */ = {
			isa = XCBuildConfiguration;
			buildSettings = {
				CODE_SIGN_STYLE = Automatic;
				CURRENT_PROJECT_VERSION = 1;
				DEVELOPMENT_TEAM = 8S62D745ZJ;
				GENERATE_INFOPLIST_FILE = YES;
				MARKETING_VERSION = 1.0;
				PRODUCT_BUNDLE_IDENTIFIER = Friendz.Social.Media.LTD.ghostBoardUITests;
				PRODUCT_NAME = "$(TARGET_NAME)";
				SWIFT_EMIT_LOC_STRINGS = NO;
				SWIFT_VERSION = 5.0;
				TARGETED_DEVICE_FAMILY = "1,2";
				TEST_TARGET_NAME = ghostBoard;
			};
			name = Release;
		};
/* End XCBuildConfiguration section */

/* Begin XCConfigurationList section */
		433B60D62AC4940300EA8098 /* Build configuration list for PBXProject "ghostBoard" */ = {
			isa = XCConfigurationList;
			buildConfigurations = (
				433B60FD2AC4940500EA8098 /* Debug */,
				433B60FE2AC4940500EA8098 /* Release */,
			);
			defaultConfigurationIsVisible = 0;
			defaultConfigurationName = Release;
		};
		433B60FF2AC4940500EA8098 /* Build configuration list for PBXNativeTarget "ghostBoard" */ = {
			isa = XCConfigurationList;
			buildConfigurations = (
				433B61002AC4940500EA8098 /* Debug */,
				433B61012AC4940500EA8098 /* Release */,
			);
			defaultConfigurationIsVisible = 0;
			defaultConfigurationName = Release;
		};
		433B61022AC4940500EA8098 /* Build configuration list for PBXNativeTarget "ghostBoardTests" */ = {
			isa = XCConfigurationList;
			buildConfigurations = (
				433B61032AC4940500EA8098 /* Debug */,
				433B61042AC4940500EA8098 /* Release */,
			);
			defaultConfigurationIsVisible = 0;
			defaultConfigurationName = Release;
		};
		43CCD8882ACA2C4A00D620B6 /* Build configuration list for PBXNativeTarget "ghostBoardUITests" */ = {
			isa = XCConfigurationList;
			buildConfigurations = (
				43CCD8892ACA2C4A00D620B6 /* Debug */,
				43CCD88A2ACA2C4A00D620B6 /* Release */,
			);
			defaultConfigurationIsVisible = 0;
			defaultConfigurationName = Release;
		};
/* End XCConfigurationList section */
	};
	rootObject = 433B60D32AC4940300EA8098 /* Project object */;
}
